
Microsoft Visual Studio Solution File, Format Version 12.00
# Visual Studio 2012
Project("{FAE04EC0-301F-11D3-BF4B-00C04F79EFBC}") = "MediaServicesManager.App", "PeopleManager\MediaServicesManager.App.csproj", "{E611645C-B372-48BE-8816-77D64C3E289D}"
EndProject
Project("{FAE04EC0-301F-11D3-BF4B-00C04F79EFBC}") = "MediaServicesManager.Data", "PeopleManager.Data\MediaServicesManager.Data.csproj", "{364C853F-1114-4DEC-BC5E-710BDC9E5E89}"
EndProject
Project("{FAE04EC0-301F-11D3-BF4B-00C04F79EFBC}") = "MediaServicesManager.Infrastructure", "PeopleManager.Infrastructure\MediaServicesManager.Infrastructure.csproj", "{7E4740E5-D727-4C8E-A333-B3AA51BB7E92}"
EndProject
Project("{FAE04EC0-301F-11D3-BF4B-00C04F79EFBC}") = "MediaServicesManager.Management", "PeopleManager.Managment\MediaServicesManager.Management.csproj", "{ED2323E6-D63F-4455-9552-5803222BA0D4}"
EndProject
Global
	GlobalSection(SolutionConfigurationPlatforms) = preSolution
		Debug|Any CPU = Debug|Any CPU
		Release|Any CPU = Release|Any CPU
	EndGlobalSection
	GlobalSection(ProjectConfigurationPlatforms) = postSolution
		{E611645C-B372-48BE-8816-77D64C3E289D}.Debug|Any CPU.ActiveCfg = Debug|Any CPU
		{E611645C-B372-48BE-8816-77D64C3E289D}.Debug|Any CPU.Build.0 = Debug|Any CPU
		{E611645C-B372-48BE-8816-77D64C3E289D}.Release|Any CPU.ActiveCfg = Release|Any CPU
		{E611645C-B372-48BE-8816-77D64C3E289D}.Release|Any CPU.Build.0 = Release|Any CPU
		{364C853F-1114-4DEC-BC5E-710BDC9E5E89}.Debug|Any CPU.ActiveCfg = Debug|Any CPU
		{364C853F-1114-4DEC-BC5E-710BDC9E5E89}.Debug|Any CPU.Build.0 = Debug|Any CPU
		{364C853F-1114-4DEC-BC5E-710BDC9E5E89}.Release|Any CPU.ActiveCfg = Release|Any CPU
		{364C853F-1114-4DEC-BC5E-710BDC9E5E89}.Release|Any CPU.Build.0 = Release|Any CPU
		{7E4740E5-D727-4C8E-A333-B3AA51BB7E92}.Debug|Any CPU.ActiveCfg = Debug|Any CPU
		{7E4740E5-D727-4C8E-A333-B3AA51BB7E92}.Debug|Any CPU.Build.0 = Debug|Any CPU
		{7E4740E5-D727-4C8E-A333-B3AA51BB7E92}.Release|Any CPU.ActiveCfg = Release|Any CPU
		{7E4740E5-D727-4C8E-A333-B3AA51BB7E92}.Release|Any CPU.Build.0 = Release|Any CPU
		{ED2323E6-D63F-4455-9552-5803222BA0D4}.Debug|Any CPU.ActiveCfg = Debug|Any CPU
		{ED2323E6-D63F-4455-9552-5803222BA0D4}.Debug|Any CPU.Build.0 = Debug|Any CPU
		{ED2323E6-D63F-4455-9552-5803222BA0D4}.Release|Any CPU.ActiveCfg = Release|Any CPU
		{ED2323E6-D63F-4455-9552-5803222BA0D4}.Release|Any CPU.Build.0 = Release|Any CPU
	EndGlobalSection
	GlobalSection(SolutionProperties) = preSolution
		HideSolutionNode = FALSE
	EndGlobalSection
EndGlobal
